
Microsoft Visual Studio Solution File, Format Version 12.00
# Visual Studio Version 17
VisualStudioVersion = 17.3.32825.248
MinimumVisualStudioVersion = 10.0.40219.1
Project("{9A19103F-16F7-4668-BE54-9A1E7A4F7556}") = "LogicKochetkovNuget", "Logic\LogicKochetkovNuget.csproj", "{0989F9F3-ED16-4766-A7D3-8833F1A8D749}"
EndProject
Project("{FAE04EC0-301F-11D3-BF4B-00C04F79EFBC}") = "CarWF", "CarWF\CarWF.csproj", "{23718486-3092-46BD-9B4B-BBBAAE90D6B4}"
EndProject
Global
	GlobalSection(SolutionConfigurationPlatforms) = preSolution
		Debug|Any CPU = Debug|Any CPU
		Release|Any CPU = Release|Any CPU
	EndGlobalSection
	GlobalSection(ProjectConfigurationPlatforms) = postSolution
		{0989F9F3-ED16-4766-A7D3-8833F1A8D749}.Debug|Any CPU.ActiveCfg = Debug|Any CPU
		{0989F9F3-ED16-4766-A7D3-8833F1A8D749}.Debug|Any CPU.Build.0 = Debug|Any CPU
		{0989F9F3-ED16-4766-A7D3-8833F1A8D749}.Release|Any CPU.ActiveCfg = Release|Any CPU
		{0989F9F3-ED16-4766-A7D3-8833F1A8D749}.Release|Any CPU.Build.0 = Release|Any CPU
		{23718486-3092-46BD-9B4B-BBBAAE90D6B4}.Debug|Any CPU.ActiveCfg = Debug|Any CPU
		{23718486-3092-46BD-9B4B-BBBAAE90D6B4}.Debug|Any CPU.Build.0 = Debug|Any CPU
		{23718486-3092-46BD-9B4B-BBBAAE90D6B4}.Release|Any CPU.ActiveCfg = Release|Any CPU
		{23718486-3092-46BD-9B4B-BBBAAE90D6B4}.Release|Any CPU.Build.0 = Release|Any CPU
	EndGlobalSection
	GlobalSection(SolutionProperties) = preSolution
		HideSolutionNode = FALSE
	EndGlobalSection
	GlobalSection(ExtensibilityGlobals) = postSolution
		SolutionGuid = {6B5FC8D9-49EC-489B-8973-DA5B62D398F7}
	EndGlobalSection
EndGlobal
